// !$*UTF8*$!
{
	archiveVersion = 1;
	classes = {
	};
	objectVersion = 77;
	objects = {

/* Begin PBXBuildFile section */
		488C4DE92E69F3CF00BB945A /* .gitignore in Resources */ = {isa = PBXBuildFile; fileRef = 488C4DE82E69F3CA00BB945A /* .gitignore */; };
		488C4DEB2E69F42800BB945A /* README.md in Resources */ = {isa = PBXBuildFile; fileRef = 488C4DEA2E69F42000BB945A /* README.md */; };
		488C4DF62E69F55C00BB945A /* ZIPFoundation in Frameworks */ = {isa = PBXBuildFile; productRef = 488C4DF52E69F55C00BB945A /* ZIPFoundation */; };
		488C4DF92E69F57200BB945A /* SDWebImage in Frameworks */ = {isa = PBXBuildFile; productRef = 488C4DF82E69F57200BB945A /* SDWebImage */; };
		488C4DFB2E69F57200BB945A /* SDWebImageMapKit in Frameworks */ = {isa = PBXBuildFile; productRef = 488C4DFA2E69F57200BB945A /* SDWebImageMapKit */; };
/* End PBXBuildFile section */

/* Begin PBXContainerItemProxy section */
		488C4DC92E69F3A700BB945A /* PBXContainerItemProxy */ = {
			isa = PBXContainerItemProxy;
			containerPortal = 488C4DAA2E69F3A500BB945A /* Project object */;
			proxyType = 1;
			remoteGlobalIDString = 488C4DB12E69F3A500BB945A;
			remoteInfo = Matopoei;
		};
		488C4DD32E69F3A700BB945A /* PBXContainerItemProxy */ = {
			isa = PBXContainerItemProxy;
			containerPortal = 488C4DAA2E69F3A500BB945A /* Project object */;
			proxyType = 1;
			remoteGlobalIDString = 488C4DB12E69F3A500BB945A;
			remoteInfo = Matopoei;
		};
/* End PBXContainerItemProxy section */

/* Begin PBXFileReference section */
		488C4DB22E69F3A500BB945A /* Matopoei.app */ = {isa = PBXFileReference; explicitFileType = wrapper.application; includeInIndex = 0; path = Matopoei.app; sourceTree = BUILT_PRODUCTS_DIR; };
		488C4DC82E69F3A700BB945A /* MatopoeiTests.xctest */ = {isa = PBXFileReference; explicitFileType = wrapper.cfbundle; includeInIndex = 0; path = MatopoeiTests.xctest; sourceTree = BUILT_PRODUCTS_DIR; };
		488C4DD22E69F3A700BB945A /* MatopoeiUITests.xctest */ = {isa = PBXFileReference; explicitFileType = wrapper.cfbundle; includeInIndex = 0; path = MatopoeiUITests.xctest; sourceTree = BUILT_PRODUCTS_DIR; };
		488C4DE82E69F3CA00BB945A /* .gitignore */ = {isa = PBXFileReference; lastKnownFileType = text; path = .gitignore; sourceTree = "<group>"; };
		488C4DEA2E69F42000BB945A /* README.md */ = {isa = PBXFileReference; lastKnownFileType = net.daringfireball.markdown; path = README.md; sourceTree = "<group>"; };
/* End PBXFileReference section */

/* Begin PBXFileSystemSynchronizedBuildFileExceptionSet section */
		488C4DDA2E69F3A700BB945A /* Exceptions for "Matopoei" folder in "Matopoei" target */ = {
			isa = PBXFileSystemSynchronizedBuildFileExceptionSet;
			membershipExceptions = (
				Info.plist,
			);
			target = 488C4DB12E69F3A500BB945A /* Matopoei */;
		};
/* End PBXFileSystemSynchronizedBuildFileExceptionSet section */

/* Begin PBXFileSystemSynchronizedRootGroup section */
		488C4DB42E69F3A500BB945A /* Matopoei */ = {
			isa = PBXFileSystemSynchronizedRootGroup;
			exceptions = (
				488C4DDA2E69F3A700BB945A /* Exceptions for "Matopoei" folder in "Matopoei" target */,
			);
			path = Matopoei;
			sourceTree = "<group>";
		};
		488C4DCB2E69F3A700BB945A /* MatopoeiTests */ = {
			isa = PBXFileSystemSynchronizedRootGroup;
			path = MatopoeiTests;
			sourceTree = "<group>";
		};
		488C4DD52E69F3A700BB945A /* MatopoeiUITests */ = {
			isa = PBXFileSystemSynchronizedRootGroup;
			path = MatopoeiUITests;
			sourceTree = "<group>";
		};
/* End PBXFileSystemSynchronizedRootGroup section */

/* Begin PBXFrameworksBuildPhase section */
		488C4DAF2E69F3A500BB945A /* Frameworks */ = {
			isa = PBXFrameworksBuildPhase;
			buildActionMask = 2147483647;
			files = (
				488C4DF92E69F57200BB945A /* SDWebImage in Frameworks */,
				488C4DFB2E69F57200BB945A /* SDWebImageMapKit in Frameworks */,
				488C4DF62E69F55C00BB945A /* ZIPFoundation in Frameworks */,
			);
			runOnlyForDeploymentPostprocessing = 0;
		};
		488C4DC52E69F3A700BB945A /* Frameworks */ = {
			isa = PBXFrameworksBuildPhase;
			buildActionMask = 2147483647;
			files = (
			);
			runOnlyForDeploymentPostprocessing = 0;
		};
		488C4DCF2E69F3A700BB945A /* Frameworks */ = {
			isa = PBXFrameworksBuildPhase;
			buildActionMask = 2147483647;
			files = (
			);
			runOnlyForDeploymentPostprocessing = 0;
		};
/* End PBXFrameworksBuildPhase section */

/* Begin PBXGroup section */
		488C4DA92E69F3A500BB945A = {
			isa = PBXGroup;
			children = (
				488C4DEA2E69F42000BB945A /* README.md */,
				488C4DE82E69F3CA00BB945A /* .gitignore */,
				488C4DB42E69F3A500BB945A /* Matopoei */,
				488C4DCB2E69F3A700BB945A /* MatopoeiTests */,
				488C4DD52E69F3A700BB945A /* MatopoeiUITests */,
				488C4DB32E69F3A500BB945A /* Products */,
			);
			sourceTree = "<group>";
		};
		488C4DB32E69F3A500BB945A /* Products */ = {
			isa = PBXGroup;
			children = (
				488C4DB22E69F3A500BB945A /* Matopoei.app */,
				488C4DC82E69F3A700BB945A /* MatopoeiTests.xctest */,
				488C4DD22E69F3A700BB945A /* MatopoeiUITests.xctest */,
			);
			name = Products;
			sourceTree = "<group>";
		};
/* End PBXGroup section */

/* Begin PBXNativeTarget section */
		488C4DB12E69F3A500BB945A /* Matopoei */ = {
			isa = PBXNativeTarget;
			buildConfigurationList = 488C4DDB2E69F3A700BB945A /* Build configuration list for PBXNativeTarget "Matopoei" */;
			buildPhases = (
				488C4DAE2E69F3A500BB945A /* Sources */,
				488C4DAF2E69F3A500BB945A /* Frameworks */,
				488C4DB02E69F3A500BB945A /* Resources */,
			);
			buildRules = (
			);
			dependencies = (
			);
			fileSystemSynchronizedGroups = (
				488C4DB42E69F3A500BB945A /* Matopoei */,
			);
			name = Matopoei;
			packageProductDependencies = (
				488C4DF52E69F55C00BB945A /* ZIPFoundation */,
				488C4DF82E69F57200BB945A /* SDWebImage */,
				488C4DFA2E69F57200BB945A /* SDWebImageMapKit */,
			);
			productName = Matopoei;
			productReference = 488C4DB22E69F3A500BB945A /* Matopoei.app */;
			productType = "com.apple.product-type.application";
		};
		488C4DC72E69F3A700BB945A /* MatopoeiTests */ = {
			isa = PBXNativeTarget;
			buildConfigurationList = 488C4DE02E69F3A700BB945A /* Build configuration list for PBXNativeTarget "MatopoeiTests" */;
			buildPhases = (
				488C4DC42E69F3A700BB945A /* Sources */,
				488C4DC52E69F3A700BB945A /* Frameworks */,
				488C4DC62E69F3A700BB945A /* Resources */,
			);
			buildRules = (
			);
			dependencies = (
				488C4DCA2E69F3A700BB945A /* PBXTargetDependency */,
			);
			fileSystemSynchronizedGroups = (
				488C4DCB2E69F3A700BB945A /* MatopoeiTests */,
			);
			name = MatopoeiTests;
			packageProductDependencies = (
			);
			productName = MatopoeiTests;
			productReference = 488C4DC82E69F3A700BB945A /* MatopoeiTests.xctest */;
			productType = "com.apple.product-type.bundle.unit-test";
		};
		488C4DD12E69F3A700BB945A /* MatopoeiUITests */ = {
			isa = PBXNativeTarget;
			buildConfigurationList = 488C4DE32E69F3A700BB945A /* Build configuration list for PBXNativeTarget "MatopoeiUITests" */;
			buildPhases = (
				488C4DCE2E69F3A700BB945A /* Sources */,
				488C4DCF2E69F3A700BB945A /* Frameworks */,
				488C4DD02E69F3A700BB945A /* Resources */,
			);
			buildRules = (
			);
			dependencies = (
				488C4DD42E69F3A700BB945A /* PBXTargetDependency */,
			);
			fileSystemSynchronizedGroups = (
				488C4DD52E69F3A700BB945A /* MatopoeiUITests */,
			);
			name = MatopoeiUITests;
			packageProductDependencies = (
			);
			productName = MatopoeiUITests;
			productReference = 488C4DD22E69F3A700BB945A /* MatopoeiUITests.xctest */;
			productType = "com.apple.product-type.bundle.ui-testing";
		};
/* End PBXNativeTarget section */

/* Begin PBXProject section */
		488C4DAA2E69F3A500BB945A /* Project object */ = {
			isa = PBXProject;
			attributes = {
				BuildIndependentTargetsInParallel = 1;
				LastSwiftUpdateCheck = 1640;
				LastUpgradeCheck = 1640;
				TargetAttributes = {
					488C4DB12E69F3A500BB945A = {
						CreatedOnToolsVersion = 16.4;
					};
					488C4DC72E69F3A700BB945A = {
						CreatedOnToolsVersion = 16.4;
						TestTargetID = 488C4DB12E69F3A500BB945A;
					};
					488C4DD12E69F3A700BB945A = {
						CreatedOnToolsVersion = 16.4;
						TestTargetID = 488C4DB12E69F3A500BB945A;
					};
				};
			};
			buildConfigurationList = 488C4DAD2E69F3A500BB945A /* Build configuration list for PBXProject "Matopoei" */;
			developmentRegion = en;
			hasScannedForEncodings = 0;
			knownRegions = (
				en,
				Base,
			);
			mainGroup = 488C4DA92E69F3A500BB945A;
			minimizedProjectReferenceProxies = 1;
			packageReferences = (
				488C4DF42E69F55C00BB945A /* XCRemoteSwiftPackageReference "ZIPFoundation" */,
				488C4DF72E69F57200BB945A /* XCRemoteSwiftPackageReference "SDWebImage" */,
			);
			preferredProjectObjectVersion = 77;
			productRefGroup = 488C4DB32E69F3A500BB945A /* Products */;
			projectDirPath = "";
			projectRoot = "";
			targets = (
				488C4DB12E69F3A500BB945A /* Matopoei */,
				488C4DC72E69F3A700BB945A /* MatopoeiTests */,
				488C4DD12E69F3A700BB945A /* MatopoeiUITests */,
			);
		};
/* End PBXProject section */

/* Begin PBXResourcesBuildPhase section */
		488C4DB02E69F3A500BB945A /* Resources */ = {
			isa = PBXResourcesBuildPhase;
			buildActionMask = 2147483647;
			files = (
				488C4DE92E69F3CF00BB945A /* .gitignore in Resources */,
				488C4DEB2E69F42800BB945A /* README.md in Resources */,
			);
			runOnlyForDeploymentPostprocessing = 0;
		};
		488C4DC62E69F3A700BB945A /* Resources */ = {
			isa = PBXResourcesBuildPhase;
			buildActionMask = 2147483647;
			files = (
			);
			runOnlyForDeploymentPostprocessing = 0;
		};
		488C4DD02E69F3A700BB945A /* Resources */ = {
			isa = PBXResourcesBuildPhase;
			buildActionMask = 2147483647;
			files = (
			);
			runOnlyForDeploymentPostprocessing = 0;
		};
/* End PBXResourcesBuildPhase section */

/* Begin PBXSourcesBuildPhase section */
		488C4DAE2E69F3A500BB945A /* Sources */ = {
			isa = PBXSourcesBuildPhase;
			buildActionMask = 2147483647;
			files = (
			);
			runOnlyForDeploymentPostprocessing = 0;
		};
		488C4DC42E69F3A700BB945A /* Sources */ = {
			isa = PBXSourcesBuildPhase;
			buildActionMask = 2147483647;
			files = (
			);
			runOnlyForDeploymentPostprocessing = 0;
		};
		488C4DCE2E69F3A700BB945A /* Sources */ = {
			isa = PBXSourcesBuildPhase;
			buildActionMask = 2147483647;
			files = (
			);
			runOnlyForDeploymentPostprocessing = 0;
		};
/* End PBXSourcesBuildPhase section */

/* Begin PBXTargetDependency section */
		488C4DCA2E69F3A700BB945A /* PBXTargetDependency */ = {
			isa = PBXTargetDependency;
			target = 488C4DB12E69F3A500BB945A /* Matopoei */;
			targetProxy = 488C4DC92E69F3A700BB945A /* PBXContainerItemProxy */;
		};
		488C4DD42E69F3A700BB945A /* PBXTargetDependency */ = {
			isa = PBXTargetDependency;
			target = 488C4DB12E69F3A500BB945A /* Matopoei */;
			targetProxy = 488C4DD32E69F3A700BB945A /* PBXContainerItemProxy */;
		};
/* End PBXTargetDependency section */

/* Begin XCBuildConfiguration section */
		488C4DDC2E69F3A700BB945A /* Debug */ = {
			isa = XCBuildConfiguration;
			buildSettings = {
				ASSETCATALOG_COMPILER_APPICON_NAME = AppIcon;
				ASSETCATALOG_COMPILER_GLOBAL_ACCENT_COLOR_NAME = AccentColor;
				CODE_SIGN_STYLE = Automatic;
				CURRENT_PROJECT_VERSION = 1;
				DEVELOPMENT_TEAM = 3G7WTHY8W3;
				GENERATE_INFOPLIST_FILE = YES;
				INFOPLIST_FILE = Matopoei/Info.plist;
				INFOPLIST_KEY_UIApplicationSupportsIndirectInputEvents = YES;
				INFOPLIST_KEY_UILaunchStoryboardName = LaunchScreen;
				INFOPLIST_KEY_UIMainStoryboardFile = Main;
				INFOPLIST_KEY_UISupportedInterfaceOrientations_iPad = "UIInterfaceOrientationPortrait UIInterfaceOrientationPortraitUpsideDown UIInterfaceOrientationLandscapeLeft UIInterfaceOrientationLandscapeRight";
				INFOPLIST_KEY_UISupportedInterfaceOrientations_iPhone = "UIInterfaceOrientationPortrait UIInterfaceOrientationLandscapeLeft UIInterfaceOrientationLandscapeRight";
				LD_RUNPATH_SEARCH_PATHS = (
					"$(inherited)",
					"@executable_path/Frameworks",
				);
				MARKETING_VERSION = 1.0;
				PRODUCT_BUNDLE_IDENTIFIER = nuggett.Matopoei;
				PRODUCT_NAME = "$(TARGET_NAME)";
				SWIFT_EMIT_LOC_STRINGS = YES;
				SWIFT_VERSION = 5.0;
				TARGETED_DEVICE_FAMILY = "1,2";
			};
			name = Debug;
		};
		488C4DDD2E69F3A700BB945A /* Release */ = {
			isa = XCBuildConfiguration;
			buildSettings = {
				ASSETCATALOG_COMPILER_APPICON_NAME = AppIcon;
				ASSETCATALOG_COMPILER_GLOBAL_ACCENT_COLOR_NAME = AccentColor;
				CODE_SIGN_STYLE = Automatic;
				CURRENT_PROJECT_VERSION = 1;
				DEVELOPMENT_TEAM = 3G7WTHY8W3;
				GENERATE_INFOPLIST_FILE = YES;
				INFOPLIST_FILE = Matopoei/Info.plist;
				INFOPLIST_KEY_UIApplicationSupportsIndirectInputEvents = YES;
				INFOPLIST_KEY_UILaunchStoryboardName = LaunchScreen;
				INFOPLIST_KEY_UIMainStoryboardFile = Main;
				INFOPLIST_KEY_UISupportedInterfaceOrientations_iPad = "UIInterfaceOrientationPortrait UIInterfaceOrientationPortraitUpsideDown UIInterfaceOrientationLandscapeLeft UIInterfaceOrientationLandscapeRight";
				INFOPLIST_KEY_UISupportedInterfaceOrientations_iPhone = "UIInterfaceOrientationPortrait UIInterfaceOrientationLandscapeLeft UIInterfaceOrientationLandscapeRight";
				LD_RUNPATH_SEARCH_PATHS = (
					"$(inherited)",
					"@executable_path/Frameworks",
				);
				MARKETING_VERSION = 1.0;
				PRODUCT_BUNDLE_IDENTIFIER = nuggett.Matopoei;
				PRODUCT_NAME = "$(TARGET_NAME)";
				SWIFT_EMIT_LOC_STRINGS = YES;
				SWIFT_VERSION = 5.0;
				TARGETED_DEVICE_FAMILY = "1,2";
			};
			name = Release;
		};
		488C4DDE2E69F3A700BB945A /* Debug */ = {
			isa = XCBuildConfiguration;
			buildSettings = {
				ALWAYS_SEARCH_USER_PATHS = NO;
				ASSETCATALOG_COMPILER_GENERATE_SWIFT_ASSET_SYMBOL_EXTENSIONS = YES;
				CLANG_ANALYZER_NONNULL = YES;
				CLANG_ANALYZER_NUMBER_OBJECT_CONVERSION = YES_AGGRESSIVE;
				CLANG_CXX_LANGUAGE_STANDARD = "gnu++20";
				CLANG_ENABLE_MODULES = YES;
				CLANG_ENABLE_OBJC_ARC = YES;
				CLANG_ENABLE_OBJC_WEAK = YES;
				CLANG_WARN_BLOCK_CAPTURE_AUTORELEASING = YES;
				CLANG_WARN_BOOL_CONVERSION = YES;
				CLANG_WARN_COMMA = YES;
				CLANG_WARN_CONSTANT_CONVERSION = YES;
				CLANG_WARN_DEPRECATED_OBJC_IMPLEMENTATIONS = YES;
				CLANG_WARN_DIRECT_OBJC_ISA_USAGE = YES_ERROR;
				CLANG_WARN_DOCUMENTATION_COMMENTS = YES;
				CLANG_WARN_EMPTY_BODY = YES;
				CLANG_WARN_ENUM_CONVERSION = YES;
				CLANG_WARN_INFINITE_RECURSION = YES;
				CLANG_WARN_INT_CONVERSION = YES;
				CLANG_WARN_NON_LITERAL_NULL_CONVERSION = YES;
				CLANG_WARN_OBJC_IMPLICIT_RETAIN_SELF = YES;
				CLANG_WARN_OBJC_LITERAL_CONVERSION = YES;
				CLANG_WARN_OBJC_ROOT_CLASS = YES_ERROR;
				CLANG_WARN_QUOTED_INCLUDE_IN_FRAMEWORK_HEADER = YES;
				CLANG_WARN_RANGE_LOOP_ANALYSIS = YES;
				CLANG_WARN_STRICT_PROTOTYPES = YES;
				CLANG_WARN_SUSPICIOUS_MOVE = YES;
				CLANG_WARN_UNGUARDED_AVAILABILITY = YES_AGGRESSIVE;
				CLANG_WARN_UNREACHABLE_CODE = YES;
				CLANG_WARN__DUPLICATE_METHOD_MATCH = YES;
				COPY_PHASE_STRIP = NO;
				DEBUG_INFORMATION_FORMAT = dwarf;
				DEVELOPMENT_TEAM = 3G7WTHY8W3;
				ENABLE_STRICT_OBJC_MSGSEND = YES;
				ENABLE_TESTABILITY = YES;
				ENABLE_USER_SCRIPT_SANDBOXING = YES;
				GCC_C_LANGUAGE_STANDARD = gnu17;
				GCC_DYNAMIC_NO_PIC = NO;
				GCC_NO_COMMON_BLOCKS = YES;
				GCC_OPTIMIZATION_LEVEL = 0;
				GCC_PREPROCESSOR_DEFINITIONS = (
					"DEBUG=1",
					"$(inherited)",
				);
				GCC_WARN_64_TO_32_BIT_CONVERSION = YES;
				GCC_WARN_ABOUT_RETURN_TYPE = YES_ERROR;
				GCC_WARN_UNDECLARED_SELECTOR = YES;
				GCC_WARN_UNINITIALIZED_AUTOS = YES_AGGRESSIVE;
				GCC_WARN_UNUSED_FUNCTION = YES;
				GCC_WARN_UNUSED_VARIABLE = YES;
				IPHONEOS_DEPLOYMENT_TARGET = 18.5;
				LOCALIZATION_PREFERS_STRING_CATALOGS = YES;
				MTL_ENABLE_DEBUG_INFO = INCLUDE_SOURCE;
				MTL_FAST_MATH = YES;
				ONLY_ACTIVE_ARCH = YES;
				SDKROOT = iphoneos;
				SWIFT_ACTIVE_COMPILATION_CONDITIONS = "DEBUG $(inherited)";
				SWIFT_OPTIMIZATION_LEVEL = "-Onone";
			};
			name = Debug;
		};
		488C4DDF2E69F3A700BB945A /* Release */ = {
			isa = XCBuildConfiguration;
			buildSettings = {
				ALWAYS_SEARCH_USER_PATHS = NO;
				ASSETCATALOG_COMPILER_GENERATE_SWIFT_ASSET_SYMBOL_EXTENSIONS = YES;
				CLANG_ANALYZER_NONNULL = YES;
				CLANG_ANALYZER_NUMBER_OBJECT_CONVERSION = YES_AGGRESSIVE;
				CLANG_CXX_LANGUAGE_STANDARD = "gnu++20";
				CLANG_ENABLE_MODULES = YES;
				CLANG_ENABLE_OBJC_ARC = YES;
				CLANG_ENABLE_OBJC_WEAK = YES;
				CLANG_WARN_BLOCK_CAPTURE_AUTORELEASING = YES;
				CLANG_WARN_BOOL_CONVERSION = YES;
				CLANG_WARN_COMMA = YES;
				CLANG_WARN_CONSTANT_CONVERSION = YES;
				CLANG_WARN_DEPRECATED_OBJC_IMPLEMENTATIONS = YES;
				CLANG_WARN_DIRECT_OBJC_ISA_USAGE = YES_ERROR;
				CLANG_WARN_DOCUMENTATION_COMMENTS = YES;
				CLANG_WARN_EMPTY_BODY = YES;
				CLANG_WARN_ENUM_CONVERSION = YES;
				CLANG_WARN_INFINITE_RECURSION = YES;
				CLANG_WARN_INT_CONVERSION = YES;
				CLANG_WARN_NON_LITERAL_NULL_CONVERSION = YES;
				CLANG_WARN_OBJC_IMPLICIT_RETAIN_SELF = YES;
				CLANG_WARN_OBJC_LITERAL_CONVERSION = YES;
				CLANG_WARN_OBJC_ROOT_CLASS = YES_ERROR;
				CLANG_WARN_QUOTED_INCLUDE_IN_FRAMEWORK_HEADER = YES;
				CLANG_WARN_RANGE_LOOP_ANALYSIS = YES;
				CLANG_WARN_STRICT_PROTOTYPES = YES;
				CLANG_WARN_SUSPICIOUS_MOVE = YES;
				CLANG_WARN_UNGUARDED_AVAILABILITY = YES_AGGRESSIVE;
				CLANG_WARN_UNREACHABLE_CODE = YES;
				CLANG_WARN__DUPLICATE_METHOD_MATCH = YES;
				COPY_PHASE_STRIP = NO;
				DEBUG_INFORMATION_FORMAT = "dwarf-with-dsym";
				DEVELOPMENT_TEAM = 3G7WTHY8W3;
				ENABLE_NS_ASSERTIONS = NO;
				ENABLE_STRICT_OBJC_MSGSEND = YES;
				ENABLE_USER_SCRIPT_SANDBOXING = YES;
				GCC_C_LANGUAGE_STANDARD = gnu17;
				GCC_NO_COMMON_BLOCKS = YES;
				GCC_WARN_64_TO_32_BIT_CONVERSION = YES;
				GCC_WARN_ABOUT_RETURN_TYPE = YES_ERROR;
				GCC_WARN_UNDECLARED_SELECTOR = YES;
				GCC_WARN_UNINITIALIZED_AUTOS = YES_AGGRESSIVE;
				GCC_WARN_UNUSED_FUNCTION = YES;
				GCC_WARN_UNUSED_VARIABLE = YES;
				IPHONEOS_DEPLOYMENT_TARGET = 18.5;
				LOCALIZATION_PREFERS_STRING_CATALOGS = YES;
				MTL_ENABLE_DEBUG_INFO = NO;
				MTL_FAST_MATH = YES;
				SDKROOT = iphoneos;
				SWIFT_COMPILATION_MODE = wholemodule;
				VALIDATE_PRODUCT = YES;
			};
			name = Release;
		};
		488C4DE12E69F3A700BB945A /* Debug */ = {
			isa = XCBuildConfiguration;
			buildSettings = {
				BUNDLE_LOADER = "$(TEST_HOST)";
				CODE_SIGN_STYLE = Automatic;
				CURRENT_PROJECT_VERSION = 1;
				DEVELOPMENT_TEAM = 3G7WTHY8W3;
				GENERATE_INFOPLIST_FILE = YES;
				IPHONEOS_DEPLOYMENT_TARGET = 18.5;
				MARKETING_VERSION = 1.0;
				PRODUCT_BUNDLE_IDENTIFIER = nuggett.MatopoeiTests;
				PRODUCT_NAME = "$(TARGET_NAME)";
				SWIFT_EMIT_LOC_STRINGS = NO;
				SWIFT_VERSION = 5.0;
				TARGETED_DEVICE_FAMILY = "1,2";
				TEST_HOST = "$(BUILT_PRODUCTS_DIR)/Matopoei.app/$(BUNDLE_EXECUTABLE_FOLDER_PATH)/Matopoei";
			};
			name = Debug;
		};
		488C4DE22E69F3A700BB945A /* Release */ = {
			isa = XCBuildConfiguration;
			buildSettings = {
				BUNDLE_LOADER = "$(TEST_HOST)";
				CODE_SIGN_STYLE = Automatic;
				CURRENT_PROJECT_VERSION = 1;
				DEVELOPMENT_TEAM = 3G7WTHY8W3;
				GENERATE_INFOPLIST_FILE = YES;
				IPHONEOS_DEPLOYMENT_TARGET = 18.5;
				MARKETING_VERSION = 1.0;
				PRODUCT_BUNDLE_IDENTIFIER = nuggett.MatopoeiTests;
				PRODUCT_NAME = "$(TARGET_NAME)";
				SWIFT_EMIT_LOC_STRINGS = NO;
				SWIFT_VERSION = 5.0;
				TARGETED_DEVICE_FAMILY = "1,2";
				TEST_HOST = "$(BUILT_PRODUCTS_DIR)/Matopoei.app/$(BUNDLE_EXECUTABLE_FOLDER_PATH)/Matopoei";
			};
			name = Release;
		};
		488C4DE42E69F3A700BB945A /* Debug */ = {
			isa = XCBuildConfiguration;
			buildSettings = {
				CODE_SIGN_STYLE = Automatic;
				CURRENT_PROJECT_VERSION = 1;
				DEVELOPMENT_TEAM = 3G7WTHY8W3;
				GENERATE_INFOPLIST_FILE = YES;
				MARKETING_VERSION = 1.0;
				PRODUCT_BUNDLE_IDENTIFIER = nuggett.MatopoeiUITests;
				PRODUCT_NAME = "$(TARGET_NAME)";
				SWIFT_EMIT_LOC_STRINGS = NO;
				SWIFT_VERSION = 5.0;
				TARGETED_DEVICE_FAMILY = "1,2";
				TEST_TARGET_NAME = Matopoei;
			};
			name = Debug;
		};
		488C4DE52E69F3A700BB945A /* Release */ = {
			isa = XCBuildConfiguration;
			buildSettings = {
				CODE_SIGN_STYLE = Automatic;
				CURRENT_PROJECT_VERSION = 1;
				DEVELOPMENT_TEAM = 3G7WTHY8W3;
				GENERATE_INFOPLIST_FILE = YES;
				MARKETING_VERSION = 1.0;
				PRODUCT_BUNDLE_IDENTIFIER = nuggett.MatopoeiUITests;
				PRODUCT_NAME = "$(TARGET_NAME)";
				SWIFT_EMIT_LOC_STRINGS = NO;
				SWIFT_VERSION = 5.0;
				TARGETED_DEVICE_FAMILY = "1,2";
				TEST_TARGET_NAME = Matopoei;
			};
			name = Release;
		};
/* End XCBuildConfiguration section */

/* Begin XCConfigurationList section */
		488C4DAD2E69F3A500BB945A /* Build configuration list for PBXProject "Matopoei" */ = {
			isa = XCConfigurationList;
			buildConfigurations = (
				488C4DDE2E69F3A700BB945A /* Debug */,
				488C4DDF2E69F3A700BB945A /* Release */,
			);
			defaultConfigurationIsVisible = 0;
			defaultConfigurationName = Release;
		};
		488C4DDB2E69F3A700BB945A /* Build configuration list for PBXNativeTarget "Matopoei" */ = {
			isa = XCConfigurationList;
			buildConfigurations = (
				488C4DDC2E69F3A700BB945A /* Debug */,
				488C4DDD2E69F3A700BB945A /* Release */,
			);
			defaultConfigurationIsVisible = 0;
			defaultConfigurationName = Release;
		};
		488C4DE02E69F3A700BB945A /* Build configuration list for PBXNativeTarget "MatopoeiTests" */ = {
			isa = XCConfigurationList;
			buildConfigurations = (
				488C4DE12E69F3A700BB945A /* Debug */,
				488C4DE22E69F3A700BB945A /* Release */,
			);
			defaultConfigurationIsVisible = 0;
			defaultConfigurationName = Release;
		};
		488C4DE32E69F3A700BB945A /* Build configuration list for PBXNativeTarget "MatopoeiUITests" */ = {
			isa = XCConfigurationList;
			buildConfigurations = (
				488C4DE42E69F3A700BB945A /* Debug */,
				488C4DE52E69F3A700BB945A /* Release */,
			);
			defaultConfigurationIsVisible = 0;
			defaultConfigurationName = Release;
		};
/* End XCConfigurationList section */

/* Begin XCRemoteSwiftPackageReference section */
		488C4DF42E69F55C00BB945A /* XCRemoteSwiftPackageReference "ZIPFoundation" */ = {
			isa = XCRemoteSwiftPackageReference;
			repositoryURL = "https://github.com/weichsel/ZIPFoundation.git";
			requirement = {
				kind = upToNextMajorVersion;
				minimumVersion = 0.9.19;
			};
		};
		488C4DF72E69F57200BB945A /* XCRemoteSwiftPackageReference "SDWebImage" */ = {
			isa = XCRemoteSwiftPackageReference;
			repositoryURL = "https://github.com/SDWebImage/SDWebImage.git";
			requirement = {
				kind = upToNextMajorVersion;
				minimumVersion = 5.21.2;
			};
		};
/* End XCRemoteSwiftPackageReference section */

/* Begin XCSwiftPackageProductDependency section */
		488C4DF52E69F55C00BB945A /* ZIPFoundation */ = {
			isa = XCSwiftPackageProductDependency;
			package = 488C4DF42E69F55C00BB945A /* XCRemoteSwiftPackageReference "ZIPFoundation" */;
			productName = ZIPFoundation;
		};
		488C4DF82E69F57200BB945A /* SDWebImage */ = {
			isa = XCSwiftPackageProductDependency;
			package = 488C4DF72E69F57200BB945A /* XCRemoteSwiftPackageReference "SDWebImage" */;
			productName = SDWebImage;
		};
		488C4DFA2E69F57200BB945A /* SDWebImageMapKit */ = {
			isa = XCSwiftPackageProductDependency;
			package = 488C4DF72E69F57200BB945A /* XCRemoteSwiftPackageReference "SDWebImage" */;
			productName = SDWebImageMapKit;
		};
/* End XCSwiftPackageProductDependency section */
	};
	rootObject = 488C4DAA2E69F3A500BB945A /* Project object */;
}
